<?xml version="1.0" encoding="utf-8"?>
<Project ToolsVersion="4.0" xmlns="http://schemas.microsoft.com/developer/msbuild/2003">
  <ItemGroup>
    <ClCompile Include="Source Files\HelperClasses\ObjLoader.cpp" />
    <ClCompile Include="Source Files\Managers\ECSManager.cpp" />
    <ClCompile Include="Source Files\Managers\InputManager.cpp" />
    <ClCompile Include="Source Files\Managers\ResourceManager.cpp" />
    <ClCompile Include="Source Files\HelperClasses\Scene.cpp" />
    <ClCompile Include="Source Files\Managers\SceneManager.cpp" />
  </ItemGroup>
  <ItemGroup>
    <ClInclude Include="Header Files\Components\AI.h" />
    <ClInclude Include="Header Files\Components\Audio.h" />
    <ClInclude Include="Header Files\Components\BoxCollider.h" />
    <ClInclude Include="Header Files\Components\Camera.h" />
    <ClInclude Include="Header Files\Components\Components.h" />
    <ClInclude Include="Header Files\Components\ComponentType.h" />
    <ClInclude Include="Header Files\Components\Geometry.h" />
    <ClInclude Include="Header Files\Components\Gravity.h" />
    <ClInclude Include="Header Files\Components\IComponent.h" />
    <ClInclude Include="Header Files\Components\Light.h" />
    <ClInclude Include="Header Files\Components\Shader.h" />
    <ClInclude Include="Header Files\Components\SphereCollider.h" />
    <ClInclude Include="Header Files\Components\Texture.h" />
    <ClInclude Include="Header Files\Components\Transform.h" />
    <ClInclude Include="Header Files\Components\Velocity.h" />
    <ClInclude Include="Header Files\HelperClasses\ObjLoader.h" />
    <ClInclude Include="Header Files\Managers\ECSManager.h" />
    <ClInclude Include="Header Files\Managers\Entity.h" />
    <ClInclude Include="Header Files\Managers\InputManager.h" />
    <ClInclude Include="Header Files\Managers\ResourceManager.h" />
    <ClInclude Include="Header Files\HelperClasses\Scene.h" />
    <ClInclude Include="Header Files\Managers\SceneManager.h" />
    <ClInclude Include="Header Files\Systems\ISystem.h" />
  </ItemGroup>
</Project>