<?xml version="1.0" encoding="utf-8"?>
<Project ToolsVersion="4.0" xmlns="http://schemas.microsoft.com/developer/msbuild/2003">
  <ItemGroup>
    <ClCompile Include="Source Files\Systems\CollisionCheckSystem.cpp">
      <Filter>Source Files\Systems</Filter>
    </ClCompile>
    <ClCompile Include="Source Files\Managers\ECSManager.cpp">
      <Filter>Source Files\Managers</Filter>
    </ClCompile>
    <ClCompile Include="Source Files\Managers\GUIManager.cpp">
      <Filter>Source Files\Managers</Filter>
    </ClCompile>
    <ClCompile Include="Source Files\Managers\InputManager.cpp">
      <Filter>Source Files\Managers</Filter>
    </ClCompile>
    <ClCompile Include="Source Files\Managers\InputManager_DX.cpp">
      <Filter>Source Files\Managers</Filter>
    </ClCompile>
    <ClCompile Include="Source Files\Managers\InputManager_GL.cpp">
      <Filter>Source Files\Managers</Filter>
    </ClCompile>
    <ClCompile Include="Source Files\KodeBoldsMath\Matrix4.cpp">
      <Filter>Source Files\KodeBoldsMath</Filter>
    </ClCompile>
    <ClCompile Include="Source Files\Systems\MovementSystem.cpp">
      <Filter>Source Files\Systems</Filter>
    </ClCompile>
    <ClCompile Include="Source Files\Managers\NetworkManager.cpp">
      <Filter>Source Files\Managers</Filter>
    </ClCompile>
    <ClCompile Include="Source Files\HelperClasses\ObjLoader.cpp">
      <Filter>Source Files\HelperClasses</Filter>
    </ClCompile>
    <ClCompile Include="Source Files\Systems\RenderSystem.cpp">
      <Filter>Source Files\Systems</Filter>
    </ClCompile>
    <ClCompile Include="Source Files\Systems\RenderSystem_DX.cpp">
      <Filter>Source Files\Systems</Filter>
    </ClCompile>
    <ClCompile Include="Source Files\Systems\RenderSystem_GL.cpp">
      <Filter>Source Files\Systems</Filter>
    </ClCompile>
    <ClCompile Include="Source Files\Managers\ResourceManager.cpp">
      <Filter>Source Files\Managers</Filter>
    </ClCompile>
    <ClCompile Include="Source Files\Managers\SceneManager.cpp">
      <Filter>Source Files\Managers</Filter>
    </ClCompile>
    <ClCompile Include="Source Files\HelperClasses\ShaderObject_DX.cpp">
      <Filter>Source Files\HelperClasses</Filter>
    </ClCompile>
    <ClCompile Include="Source Files\HelperClasses\ShaderObject_GL.cpp">
      <Filter>Source Files\HelperClasses</Filter>
    </ClCompile>
    <ClCompile Include="Source Files\HelperClasses\Task.cpp">
      <Filter>Source Files\HelperClasses</Filter>
    </ClCompile>
    <ClCompile Include="Source Files\HelperClasses\TextureObject_DX.cpp">
      <Filter>Source Files\HelperClasses</Filter>
    </ClCompile>
    <ClCompile Include="Source Files\HelperClasses\TextureObject_GL.cpp">
      <Filter>Source Files\HelperClasses</Filter>
    </ClCompile>
    <ClCompile Include="Source Files\HelperClasses\Thread.cpp">
      <Filter>Source Files\HelperClasses</Filter>
    </ClCompile>
    <ClCompile Include="Source Files\Managers\ThreadManager.cpp">
      <Filter>Source Files\Managers</Filter>
    </ClCompile>
    <ClCompile Include="Source Files\HelperClasses\VBO.cpp">
      <Filter>Source Files\HelperClasses</Filter>
    </ClCompile>
    <ClCompile Include="Source Files\HelperClasses\VBO_DX.cpp">
      <Filter>Source Files\HelperClasses</Filter>
    </ClCompile>
    <ClCompile Include="Source Files\HelperClasses\VBO_GL.cpp">
      <Filter>Source Files\HelperClasses</Filter>
    </ClCompile>
    <ClCompile Include="Source Files\KodeboldsMath\Vector2.cpp">
      <Filter>Source Files\KodeBoldsMath</Filter>
    </ClCompile>
    <ClCompile Include="Source Files\KodeboldsMath\Vector3.cpp">
      <Filter>Source Files\KodeBoldsMath</Filter>
    </ClCompile>
    <ClCompile Include="Source Files\KodeBoldsMath\Vector4.cpp">
      <Filter>Source Files\KodeBoldsMath</Filter>
    </ClCompile>
    <ClCompile Include="Source Files\Systems\TransformSystem.cpp">
      <Filter>Source Files\Systems</Filter>
    </ClCompile>
    <ClCompile Include="Source Files\Systems\AudioSystem_DX.cpp">
      <Filter>Source Files\Systems</Filter>
    </ClCompile>
    <ClCompile Include="Source Files\Systems\AudioSystem_GL.cpp">
      <Filter>Source Files\Systems</Filter>
    </ClCompile>
    <ClCompile Include="Source Files\Systems\AudioSystem.cpp">
      <Filter>Source Files\Systems</Filter>
    </ClCompile>
    <ClCompile Include="Source Files\HelperClasses\Sound.cpp">
      <Filter>Source Files\HelperClasses</Filter>
    </ClCompile>
  </ItemGroup>
  <ItemGroup>
    <ClInclude Include="Header Files\Components\AI.h">
      <Filter>Header Files\Components</Filter>
    </ClInclude>
    <ClInclude Include="Header Files\Components\Audio.h">
      <Filter>Header Files\Components</Filter>
    </ClInclude>
    <ClInclude Include="Header Files\Components\BoxCollider.h">
      <Filter>Header Files\Components</Filter>
    </ClInclude>
    <ClInclude Include="Header Files\Components\Camera.h">
      <Filter>Header Files\Components</Filter>
    </ClInclude>
    <ClInclude Include="Header Files\Components\Components.h">
      <Filter>Header Files\Components</Filter>
    </ClInclude>
    <ClInclude Include="Header Files\Components\ComponentType.h">
      <Filter>Header Files\Components</Filter>
    </ClInclude>
    <ClInclude Include="Header Files\Components\Gravity.h">
      <Filter>Header Files\Components</Filter>
    </ClInclude>
    <ClInclude Include="Header Files\Components\Geometry.h">
      <Filter>Header Files\Components</Filter>
    </ClInclude>
    <ClInclude Include="Header Files\Components\Shader.h">
      <Filter>Header Files\Components</Filter>
    </ClInclude>
    <ClInclude Include="Header Files\Components\SphereCollider.h">
      <Filter>Header Files\Components</Filter>
    </ClInclude>
    <ClInclude Include="Header Files\Components\Texture.h">
      <Filter>Header Files\Components</Filter>
    </ClInclude>
    <ClInclude Include="Header Files\Components\Transform.h">
      <Filter>Header Files\Components</Filter>
    </ClInclude>
    <ClInclude Include="Header Files\Components\Velocity.h">
      <Filter>Header Files\Components</Filter>
    </ClInclude>
    <ClInclude Include="Header Files\Systems\ISystem.h">
      <Filter>Header Files\Systems</Filter>
    </ClInclude>
    <ClInclude Include="Header Files\HelperClasses\ObjLoader.h">
      <Filter>Header Files\HelperClasses</Filter>
    </ClInclude>
    <ClInclude Include="Header Files\HelperClasses\Scene.h">
      <Filter>Header Files\HelperClasses</Filter>
    </ClInclude>
    <ClInclude Include="Header Files\Managers\ECSManager.h">
      <Filter>Header Files\Managers</Filter>
    </ClInclude>
    <ClInclude Include="Header Files\Managers\InputManager.h">
      <Filter>Header Files\Managers</Filter>
    </ClInclude>
    <ClInclude Include="Header Files\Managers\ResourceManager.h">
      <Filter>Header Files\Managers</Filter>
    </ClInclude>
    <ClInclude Include="Header Files\Managers\SceneManager.h">
      <Filter>Header Files\Managers</Filter>
    </ClInclude>
    <ClInclude Include="Header Files\Systems\MovementSystem.h">
      <Filter>Header Files\Systems</Filter>
    </ClInclude>
    <ClInclude Include="Header Files\DataStructs\Entity.h">
      <Filter>Header Files\DataStructs</Filter>
    </ClInclude>
    <ClInclude Include="Header Files\DataStructs\Vertex.h">
      <Filter>Header Files\DataStructs</Filter>
    </ClInclude>
    <ClInclude Include="Header Files\Systems\Systems.h">
      <Filter>Header Files\Systems</Filter>
    </ClInclude>
    <ClInclude Include="Header Files\Managers\Managers.h">
      <Filter>Header Files\Managers</Filter>
    </ClInclude>
    <ClInclude Include="Header Files\KodeBoldsMath\Matrix4.h">
      <Filter>Header Files\KodeboldsMath</Filter>
    </ClInclude>
    <ClInclude Include="Header Files\KodeBoldsMath\Vector4.h">
      <Filter>Header Files\KodeboldsMath</Filter>
    </ClInclude>
    <ClInclude Include="Header Files\HelperClasses\VBO.h">
      <Filter>Header Files\HelperClasses</Filter>
    </ClInclude>
    <ClInclude Include="Header Files\HelperClasses\VBO_DX.h">
      <Filter>Header Files\HelperClasses</Filter>
    </ClInclude>
    <ClInclude Include="Header Files\HelperClasses\TextureObject_DX.h">
      <Filter>Header Files\HelperClasses</Filter>
    </ClInclude>
    <ClInclude Include="Header Files\HelperClasses\TextureObject.h">
      <Filter>Header Files\HelperClasses</Filter>
    </ClInclude>
    <ClInclude Include="Header Files\HelperClasses\ShaderObject.h">
      <Filter>Header Files\HelperClasses</Filter>
    </ClInclude>
    <ClInclude Include="Header Files\HelperClasses\ShaderObject_DX.h">
      <Filter>Header Files\HelperClasses</Filter>
    </ClInclude>
    <ClInclude Include="Header Files\Systems\RenderSystem.h">
      <Filter>Header Files\Systems</Filter>
    </ClInclude>
    <ClInclude Include="Header Files\Systems\RenderSystem_DX.h">
      <Filter>Header Files\Systems</Filter>
    </ClInclude>
    <ClInclude Include="Header Files\DataStructs\CullState.h">
      <Filter>Header Files\DataStructs</Filter>
    </ClInclude>
    <ClInclude Include="Header Files\DataStructs\BlendState.h">
      <Filter>Header Files\DataStructs</Filter>
    </ClInclude>
    <ClInclude Include="Header Files\DataStructs\DepthState.h">
      <Filter>Header Files\DataStructs</Filter>
    </ClInclude>
    <ClInclude Include="Header Files\KodeboldsMath\KodeboldsMath.h">
      <Filter>Header Files\KodeboldsMath</Filter>
    </ClInclude>
    <ClInclude Include="Header Files\KodeboldsMath\Vector2.h">
      <Filter>Header Files\KodeboldsMath</Filter>
    </ClInclude>
    <ClInclude Include="Header Files\KodeboldsMath\Vector3.h">
      <Filter>Header Files\KodeboldsMath</Filter>
    </ClInclude>
    <ClInclude Include="Header Files\Managers\InputManager_DX.h">
      <Filter>Header Files\Managers</Filter>
    </ClInclude>
    <ClInclude Include="Header Files\Managers\InputManager_GL.h">
      <Filter>Header Files\Managers</Filter>
    </ClInclude>
    <ClInclude Include="Header Files\Managers\NetworkManager.h">
      <Filter>Header Files\Managers</Filter>
    </ClInclude>
    <ClInclude Include="Header Files\Managers\ThreadManager.h">
      <Filter>Header Files\Managers</Filter>
    </ClInclude>
    <ClInclude Include="Header Files\Systems\RenderSystem_GL.h">
      <Filter>Header Files\Systems</Filter>
    </ClInclude>
    <ClInclude Include="Header Files\HelperClasses\ShaderObject_GL.h">
      <Filter>Header Files\HelperClasses</Filter>
    </ClInclude>
    <ClInclude Include="Header Files\HelperClasses\Task.h">
      <Filter>Header Files\HelperClasses</Filter>
    </ClInclude>
    <ClInclude Include="Header Files\HelperClasses\TextureObject_GL.h">
      <Filter>Header Files\HelperClasses</Filter>
    </ClInclude>
    <ClInclude Include="Header Files\HelperClasses\Thread.h">
      <Filter>Header Files\HelperClasses</Filter>
    </ClInclude>
    <ClInclude Include="Header Files\HelperClasses\VBO_GL.h">
      <Filter>Header Files\HelperClasses</Filter>
    </ClInclude>
    <ClInclude Include="Header Files\Components\Colour.h">
      <Filter>Header Files\Components</Filter>
    </ClInclude>
    <ClInclude Include="Header Files\Components\Ray.h">
      <Filter>Header Files\Components</Filter>
    </ClInclude>
    <ClInclude Include="Header Files\Components\CustomComponent.h">
      <Filter>Header Files\Components</Filter>
    </ClInclude>
    <ClInclude Include="Header Files\DataStructs\OctTreeNode.h">
      <Filter>Header Files\DataStructs</Filter>
    </ClInclude>
    <ClInclude Include="Header Files\Systems\CollisionCheckSystem.h">
      <Filter>Header Files\Systems</Filter>
    </ClInclude>
    <ClInclude Include="Header Files\Components\Collision.h">
      <Filter>Header Files\Components</Filter>
    </ClInclude>
    <ClInclude Include="Header Files\Managers\GUIManager.h">
      <Filter>Header Files\Managers</Filter>
    </ClInclude>
    <ClInclude Include="Header Files\HelperClasses\Sprite.h">
      <Filter>Header Files\HelperClasses</Filter>
    </ClInclude>
    <ClInclude Include="Header Files\HelperClasses\Text.h">
      <Filter>Header Files\HelperClasses</Filter>
    </ClInclude>
    <ClInclude Include="Header Files\DataStructs\CollisionMask.h">
      <Filter>Header Files\DataStructs</Filter>
    </ClInclude>
    <ClInclude Include="Header Files\DataStructs\ConstantBuffer.h">
      <Filter>Header Files\DataStructs</Filter>
    </ClInclude>
    <ClInclude Include="Header Files\DataStructs\Light.h">
      <Filter>Header Files\DataStructs</Filter>
    </ClInclude>
    <ClInclude Include="Header Files\Components\PointLight.h">
      <Filter>Header Files\Components</Filter>
    </ClInclude>
    <ClInclude Include="Header Files\Components\DirectionalLight.h">
      <Filter>Header Files\Components</Filter>
    </ClInclude>
    <ClInclude Include="Header Files\Systems\TransformSystem.h">
      <Filter>Header Files\Systems</Filter>
    </ClInclude>
    <ClInclude Include="Header Files\HelperClasses\Sound.h">
      <Filter>Header Files\HelperClasses</Filter>
    </ClInclude>
    <ClInclude Include="Header Files\Systems\AudioSystem_GL.h">
      <Filter>Header Files\Systems</Filter>
    </ClInclude>
    <ClInclude Include="Header Files\Systems\AudioSystem.h">
      <Filter>Header Files\Systems</Filter>
    </ClInclude>
    <ClInclude Include="Header Files\Systems\AudioSystem_DX.h">
      <Filter>Header Files\Systems</Filter>
    </ClInclude>
  </ItemGroup>
  <ItemGroup>
    <Filter Include="Source Files">
      <UniqueIdentifier>{bc0ebd36-4beb-4981-bead-2311f507eb99}</UniqueIdentifier>
    </Filter>
    <Filter Include="Header Files">
      <UniqueIdentifier>{f8a7bf6c-0ed2-4188-b350-8cdeab5a1ba7}</UniqueIdentifier>
    </Filter>
    <Filter Include="Header Files\Components">
      <UniqueIdentifier>{7c622a62-ed5a-4f33-972d-51e9c47c2a44}</UniqueIdentifier>
    </Filter>
    <Filter Include="Header Files\Systems">
      <UniqueIdentifier>{e677d032-7231-491b-96e5-eb6ef50b166f}</UniqueIdentifier>
    </Filter>
    <Filter Include="Header Files\HelperClasses">
      <UniqueIdentifier>{97a4865f-6db7-4c0f-bea8-f4f163c455b6}</UniqueIdentifier>
    </Filter>
    <Filter Include="Header Files\Managers">
      <UniqueIdentifier>{7c3694f9-4a42-420f-bb49-25e31ffb4338}</UniqueIdentifier>
    </Filter>
    <Filter Include="Source Files\HelperClasses">
      <UniqueIdentifier>{f6073586-2a37-44b1-bff9-75bd24763291}</UniqueIdentifier>
    </Filter>
    <Filter Include="Source Files\Managers">
      <UniqueIdentifier>{4253dc08-5287-41ec-861e-7bb3217728cb}</UniqueIdentifier>
    </Filter>
    <Filter Include="Source Files\Systems">
      <UniqueIdentifier>{ac071894-4324-4026-9b95-f999edf7cc06}</UniqueIdentifier>
    </Filter>
    <Filter Include="Header Files\DataStructs">
      <UniqueIdentifier>{bb7a16b2-7c29-4528-9e61-6ea87cd38892}</UniqueIdentifier>
    </Filter>
    <Filter Include="Source Files\KodeBoldsMath">
      <UniqueIdentifier>{96c02329-d0ce-41c8-9dff-9a02239e23a6}</UniqueIdentifier>
    </Filter>
    <Filter Include="Header Files\KodeboldsMath">
      <UniqueIdentifier>{e6c5287b-1dd7-4c6d-be0d-da6837691a67}</UniqueIdentifier>
    </Filter>
  </ItemGroup>
  <ItemGroup>
    <None Include="packages.config" />
  </ItemGroup>
</Project>