
Microsoft Visual Studio Solution File, Format Version 12.00
# Visual Studio 15
VisualStudioVersion = 15.0.27130.2010
MinimumVisualStudioVersion = 10.0.40219.1
Project("{8BC9CEB8-8B4A-11D0-8D11-00A0C91BC942}") = "KodeboldsEngineMK2", "KodeboldsEngineMK2\KodeboldsEngineMK2.vcxproj", "{20D1FD96-5E35-44E4-AC0E-CEB0AD22C9A3}"
EndProject
Project("{8BC9CEB8-8B4A-11D0-8D11-00A0C91BC942}") = "ExampleGame", "ExampleGame\ExampleGame.vcxproj", "{FD2E5450-E1CF-461E-8D84-97EC221501E7}"
	ProjectSection(ProjectDependencies) = postProject
		{20D1FD96-5E35-44E4-AC0E-CEB0AD22C9A3} = {20D1FD96-5E35-44E4-AC0E-CEB0AD22C9A3}
	EndProjectSection
EndProject
Global
	GlobalSection(SolutionConfigurationPlatforms) = preSolution
		Debug - DirectX|x64 = Debug - DirectX|x64
		Debug - DirectX|x86 = Debug - DirectX|x86
		Debug - OpenGL|x64 = Debug - OpenGL|x64
		Debug - OpenGL|x86 = Debug - OpenGL|x86
		Debug|x64 = Debug|x64
		Debug|x86 = Debug|x86
		Release - DirectX|x64 = Release - DirectX|x64
		Release - DirectX|x86 = Release - DirectX|x86
		Release - OpenGL|x64 = Release - OpenGL|x64
		Release - OpenGL|x86 = Release - OpenGL|x86
		Release|x64 = Release|x64
		Release|x86 = Release|x86
	EndGlobalSection
	GlobalSection(ProjectConfigurationPlatforms) = postSolution
		{20D1FD96-5E35-44E4-AC0E-CEB0AD22C9A3}.Debug - DirectX|x64.ActiveCfg = Debug - DirectX|x64
		{20D1FD96-5E35-44E4-AC0E-CEB0AD22C9A3}.Debug - DirectX|x64.Build.0 = Debug - DirectX|x64
		{20D1FD96-5E35-44E4-AC0E-CEB0AD22C9A3}.Debug - DirectX|x86.ActiveCfg = Debug - DirectX|Win32
		{20D1FD96-5E35-44E4-AC0E-CEB0AD22C9A3}.Debug - DirectX|x86.Build.0 = Debug - DirectX|Win32
		{20D1FD96-5E35-44E4-AC0E-CEB0AD22C9A3}.Debug - OpenGL|x64.ActiveCfg = Debug - OpenGL|x64
		{20D1FD96-5E35-44E4-AC0E-CEB0AD22C9A3}.Debug - OpenGL|x64.Build.0 = Debug - OpenGL|x64
		{20D1FD96-5E35-44E4-AC0E-CEB0AD22C9A3}.Debug - OpenGL|x86.ActiveCfg = Debug - DirectX|x64
		{20D1FD96-5E35-44E4-AC0E-CEB0AD22C9A3}.Debug - OpenGL|x86.Build.0 = Debug - DirectX|x64
		{20D1FD96-5E35-44E4-AC0E-CEB0AD22C9A3}.Debug|x64.ActiveCfg = Debug - DirectX|x64
		{20D1FD96-5E35-44E4-AC0E-CEB0AD22C9A3}.Debug|x64.Build.0 = Debug - DirectX|x64
		{20D1FD96-5E35-44E4-AC0E-CEB0AD22C9A3}.Debug|x86.ActiveCfg = Debug - DirectX|x64
		{20D1FD96-5E35-44E4-AC0E-CEB0AD22C9A3}.Debug|x86.Build.0 = Debug - DirectX|x64
		{20D1FD96-5E35-44E4-AC0E-CEB0AD22C9A3}.Release - DirectX|x64.ActiveCfg = Release - DirectX|x64
		{20D1FD96-5E35-44E4-AC0E-CEB0AD22C9A3}.Release - DirectX|x64.Build.0 = Release - DirectX|x64
		{20D1FD96-5E35-44E4-AC0E-CEB0AD22C9A3}.Release - DirectX|x86.ActiveCfg = Release - DirectX|Win32
		{20D1FD96-5E35-44E4-AC0E-CEB0AD22C9A3}.Release - DirectX|x86.Build.0 = Release - DirectX|Win32
		{20D1FD96-5E35-44E4-AC0E-CEB0AD22C9A3}.Release - OpenGL|x64.ActiveCfg = Release - OpenGL|x64
		{20D1FD96-5E35-44E4-AC0E-CEB0AD22C9A3}.Release - OpenGL|x64.Build.0 = Release - OpenGL|x64
		{20D1FD96-5E35-44E4-AC0E-CEB0AD22C9A3}.Release - OpenGL|x86.ActiveCfg = Debug - DirectX|x64
		{20D1FD96-5E35-44E4-AC0E-CEB0AD22C9A3}.Release - OpenGL|x86.Build.0 = Debug - DirectX|x64
		{20D1FD96-5E35-44E4-AC0E-CEB0AD22C9A3}.Release|x64.ActiveCfg = Debug - DirectX|x64
		{20D1FD96-5E35-44E4-AC0E-CEB0AD22C9A3}.Release|x64.Build.0 = Debug - DirectX|x64
		{20D1FD96-5E35-44E4-AC0E-CEB0AD22C9A3}.Release|x86.ActiveCfg = Debug - DirectX|x64
		{20D1FD96-5E35-44E4-AC0E-CEB0AD22C9A3}.Release|x86.Build.0 = Debug - DirectX|x64
		{FD2E5450-E1CF-461E-8D84-97EC221501E7}.Debug - DirectX|x64.ActiveCfg = Debug - DirectX|x64
		{FD2E5450-E1CF-461E-8D84-97EC221501E7}.Debug - DirectX|x64.Build.0 = Debug - DirectX|x64
		{FD2E5450-E1CF-461E-8D84-97EC221501E7}.Debug - DirectX|x86.ActiveCfg = Debug - DirectX|Win32
		{FD2E5450-E1CF-461E-8D84-97EC221501E7}.Debug - DirectX|x86.Build.0 = Debug - DirectX|Win32
		{FD2E5450-E1CF-461E-8D84-97EC221501E7}.Debug - OpenGL|x64.ActiveCfg = Debug - OpenGL|x64
		{FD2E5450-E1CF-461E-8D84-97EC221501E7}.Debug - OpenGL|x64.Build.0 = Debug - OpenGL|x64
		{FD2E5450-E1CF-461E-8D84-97EC221501E7}.Debug - OpenGL|x86.ActiveCfg = Debug - DirectX|x64
		{FD2E5450-E1CF-461E-8D84-97EC221501E7}.Debug - OpenGL|x86.Build.0 = Debug - DirectX|x64
		{FD2E5450-E1CF-461E-8D84-97EC221501E7}.Debug|x64.ActiveCfg = Debug - DirectX|x64
		{FD2E5450-E1CF-461E-8D84-97EC221501E7}.Debug|x64.Build.0 = Debug - DirectX|x64
		{FD2E5450-E1CF-461E-8D84-97EC221501E7}.Debug|x86.ActiveCfg = Debug - DirectX|x64
		{FD2E5450-E1CF-461E-8D84-97EC221501E7}.Debug|x86.Build.0 = Debug - DirectX|x64
		{FD2E5450-E1CF-461E-8D84-97EC221501E7}.Release - DirectX|x64.ActiveCfg = Release - DirectX|x64
		{FD2E5450-E1CF-461E-8D84-97EC221501E7}.Release - DirectX|x64.Build.0 = Release - DirectX|x64
		{FD2E5450-E1CF-461E-8D84-97EC221501E7}.Release - DirectX|x86.ActiveCfg = Release - DirectX|Win32
		{FD2E5450-E1CF-461E-8D84-97EC221501E7}.Release - DirectX|x86.Build.0 = Release - DirectX|Win32
		{FD2E5450-E1CF-461E-8D84-97EC221501E7}.Release - OpenGL|x64.ActiveCfg = Release - OpenGL|x64
		{FD2E5450-E1CF-461E-8D84-97EC221501E7}.Release - OpenGL|x64.Build.0 = Release - OpenGL|x64
		{FD2E5450-E1CF-461E-8D84-97EC221501E7}.Release - OpenGL|x86.ActiveCfg = Debug - DirectX|x64
		{FD2E5450-E1CF-461E-8D84-97EC221501E7}.Release - OpenGL|x86.Build.0 = Debug - DirectX|x64
		{FD2E5450-E1CF-461E-8D84-97EC221501E7}.Release|x64.ActiveCfg = Debug - DirectX|x64
		{FD2E5450-E1CF-461E-8D84-97EC221501E7}.Release|x64.Build.0 = Debug - DirectX|x64
		{FD2E5450-E1CF-461E-8D84-97EC221501E7}.Release|x86.ActiveCfg = Debug - DirectX|x64
		{FD2E5450-E1CF-461E-8D84-97EC221501E7}.Release|x86.Build.0 = Debug - DirectX|x64
	EndGlobalSection
	GlobalSection(SolutionProperties) = preSolution
		HideSolutionNode = FALSE
	EndGlobalSection
	GlobalSection(ExtensibilityGlobals) = postSolution
		SolutionGuid = {417A807D-BF88-4976-849C-137D16EB5684}
	EndGlobalSection
EndGlobal
