<?xml version="1.0" encoding="utf-8"?>
<Project ToolsVersion="4.0" xmlns="http://schemas.microsoft.com/developer/msbuild/2003">
  <ItemGroup>
    <Filter Include="Source Files">
      <UniqueIdentifier>{4FC737F1-C7A5-4376-A066-2A32D752A2FF}</UniqueIdentifier>
      <Extensions>cpp;c;cc;cxx;def;odl;idl;hpj;bat;asm;asmx</Extensions>
    </Filter>
    <Filter Include="Header Files">
      <UniqueIdentifier>{93995380-89BD-4b04-88EB-625FBE52EBFB}</UniqueIdentifier>
      <Extensions>h;hh;hpp;hxx;hm;inl;inc;ipp;xsd</Extensions>
    </Filter>
    <Filter Include="Resource Files">
      <UniqueIdentifier>{67DA6AB6-F800-4c08-8B7A-83BB121AAD01}</UniqueIdentifier>
      <Extensions>rc;ico;cur;bmp;dlg;rc2;rct;bin;rgs;gif;jpg;jpeg;jpe;resx;tiff;tif;png;wav;mfcribbon-ms</Extensions>
    </Filter>
    <Filter Include="Source Files\Systems">
      <UniqueIdentifier>{c12cf3c6-d8b3-42a2-b43a-4e30684a0bb6}</UniqueIdentifier>
    </Filter>
    <Filter Include="Source Files\Scenes">
      <UniqueIdentifier>{1c38a0d5-f013-4569-866b-ed57cbf24522}</UniqueIdentifier>
    </Filter>
    <Filter Include="Header Files\Scenes">
      <UniqueIdentifier>{56d05e78-817a-4422-9052-7b6c66c184f9}</UniqueIdentifier>
    </Filter>
    <Filter Include="Header Files\Systems">
      <UniqueIdentifier>{78804357-255e-49dd-8828-bda39731f7b5}</UniqueIdentifier>
    </Filter>
    <Filter Include="Header Files\Components">
      <UniqueIdentifier>{de802c8f-1713-415b-b277-1795a4ceeb47}</UniqueIdentifier>
    </Filter>
    <Filter Include="Shaders">
      <UniqueIdentifier>{e070537a-1295-4444-9e27-328eeebd8129}</UniqueIdentifier>
    </Filter>
    <Filter Include="Header Files\GameClasses">
      <UniqueIdentifier>{c553cf01-058d-49ed-abe1-484cf703a459}</UniqueIdentifier>
    </Filter>
    <Filter Include="Source Files\GameClasses">
      <UniqueIdentifier>{d0af385a-dfd8-475c-94df-04db25596264}</UniqueIdentifier>
    </Filter>
  </ItemGroup>
  <ItemGroup>
    <None Include="packages.config" />
  </ItemGroup>
  <ItemGroup>
    <FxCompile Include="defaultPS.hlsl">
      <Filter>Shaders</Filter>
    </FxCompile>
    <FxCompile Include="defaultShader.fx">
      <Filter>Shaders</Filter>
    </FxCompile>
    <FxCompile Include="defaultVS.hlsl">
      <Filter>Shaders</Filter>
    </FxCompile>
    <FxCompile Include="errorVS.hlsl">
      <Filter>Shaders</Filter>
    </FxCompile>
    <FxCompile Include="errorShader.fx">
      <Filter>Shaders</Filter>
    </FxCompile>
    <FxCompile Include="errorPS.hlsl">
      <Filter>Shaders</Filter>
    </FxCompile>
    <FxCompile Include="depthShader.fx">
      <Filter>Shaders</Filter>
    </FxCompile>
    <FxCompile Include="depthVS.hlsl">
      <Filter>Shaders</Filter>
    </FxCompile>
    <FxCompile Include="depthPS.hlsl">
      <Filter>Shaders</Filter>
    </FxCompile>
    <FxCompile Include="skyboxShader.fx">
      <Filter>Shaders</Filter>
    </FxCompile>
    <FxCompile Include="skyboxVS.hlsl">
      <Filter>Shaders</Filter>
    </FxCompile>
    <FxCompile Include="skyboxPS.hlsl">
      <Filter>Shaders</Filter>
    </FxCompile>
    <FxCompile Include="sunPS.hlsl">
      <Filter>Shaders</Filter>
    </FxCompile>
    <FxCompile Include="sunShader.fx">
      <Filter>Shaders</Filter>
    </FxCompile>
    <FxCompile Include="sunVS.hlsl">
      <Filter>Shaders</Filter>
    </FxCompile>
    <FxCompile Include="thrusterPS.hlsl">
      <Filter>Shaders</Filter>
    </FxCompile>
    <FxCompile Include="thrusterShader.fx">
      <Filter>Shaders</Filter>
    </FxCompile>
    <FxCompile Include="thrusterVS.hlsl">
      <Filter>Shaders</Filter>
    </FxCompile>
  </ItemGroup>
  <ItemGroup>
    <ClCompile Include="Source Files\main.cpp">
      <Filter>Source Files</Filter>
    </ClCompile>
    <ClCompile Include="Source Files\Scenes\GameScene.cpp">
      <Filter>Source Files\Scenes</Filter>
    </ClCompile>
    <ClCompile Include="Source Files\Systems\CollisionResponseSystem.cpp">
      <Filter>Source Files\Systems</Filter>
    </ClCompile>
    <ClCompile Include="Source Files\Scenes\MenuScene.cpp">
      <Filter>Source Files\Scenes</Filter>
    </ClCompile>
  </ItemGroup>
  <ItemGroup>
    <ClInclude Include="Header Files\Scenes\GameScene.h">
      <Filter>Header Files\Scenes</Filter>
    </ClInclude>
    <ClInclude Include="Header Files\Components\CustomComp1.h">
      <Filter>Header Files\Components</Filter>
    </ClInclude>
    <ClInclude Include="Header Files\Components\CustomComp2.h">
      <Filter>Header Files\Components</Filter>
    </ClInclude>
    <ClInclude Include="Header Files\Components\CustomComponents.h">
      <Filter>Header Files\Components</Filter>
    </ClInclude>
    <ClInclude Include="Header Files\Components\CustomComponentType.h">
      <Filter>Header Files\Components</Filter>
    </ClInclude>
    <ClInclude Include="Header Files\CustomCollisionMask.h">
      <Filter>Header Files</Filter>
    </ClInclude>
    <ClInclude Include="Header Files\GameClasses\EntitySpawner.h">
      <Filter>Header Files\GameClasses</Filter>
    </ClInclude>
    <ClInclude Include="Header Files\Systems\CollisionResponseSystem.h">
      <Filter>Header Files\Systems</Filter>
    </ClInclude>
    <ClInclude Include="Header Files\Scenes\MenuScene.h">
      <Filter>Header Files\Scenes</Filter>
    </ClInclude>
  </ItemGroup>
  <ItemGroup>
    <Image Include="crosshair.png">
      <Filter>Resource Files</Filter>
    </Image>
    <Image Include="Spaceship.png">
      <Filter>Resource Files</Filter>
    </Image>
    <Image Include="button.png">
      <Filter>Resource Files</Filter>
    </Image>
  </ItemGroup>
  <ItemGroup>
    <Media Include="laser.wav">
      <Filter>Resource Files</Filter>
    </Media>
    <Media Include="engine.wav">
      <Filter>Resource Files</Filter>
    </Media>
    <Media Include="explosion.wav">
      <Filter>Resource Files</Filter>
    </Media>
    <Media Include="space.wav">
      <Filter>Resource Files</Filter>
    </Media>
  </ItemGroup>
</Project>